
Microsoft Visual Studio Solution File, Format Version 12.00
# Visual Studio Version 17
VisualStudioVersion = 17.4.33205.214
MinimumVisualStudioVersion = 10.0.40219.1
Project("{FAE04EC0-301F-11D3-BF4B-00C04F79EFBC}") = "PDC03_MODULE02.Android", "PDC03_MODULE02\PDC03_MODULE02.Android\PDC03_MODULE02.Android.csproj", "{EC494C4B-CBEA-4514-B1BD-E518BF862036}"
EndProject
Project("{FAE04EC0-301F-11D3-BF4B-00C04F79EFBC}") = "PDC03_MODULE02", "PDC03_MODULE02\PDC03_MODULE02\PDC03_MODULE02.csproj", "{52E728E4-39F7-44AB-B217-201F985E9839}"
EndProject
Global
	GlobalSection(SolutionConfigurationPlatforms) = preSolution
		Debug|Any CPU = Debug|Any CPU
		Release|Any CPU = Release|Any CPU
	EndGlobalSection
	GlobalSection(ProjectConfigurationPlatforms) = postSolution
		{EC494C4B-CBEA-4514-B1BD-E518BF862036}.Debug|Any CPU.ActiveCfg = Debug|Any CPU
		{EC494C4B-CBEA-4514-B1BD-E518BF862036}.Debug|Any CPU.Build.0 = Debug|Any CPU
		{EC494C4B-CBEA-4514-B1BD-E518BF862036}.Debug|Any CPU.Deploy.0 = Debug|Any CPU
		{EC494C4B-CBEA-4514-B1BD-E518BF862036}.Release|Any CPU.ActiveCfg = Release|Any CPU
		{EC494C4B-CBEA-4514-B1BD-E518BF862036}.Release|Any CPU.Build.0 = Release|Any CPU
		{EC494C4B-CBEA-4514-B1BD-E518BF862036}.Release|Any CPU.Deploy.0 = Release|Any CPU
		{52E728E4-39F7-44AB-B217-201F985E9839}.Debug|Any CPU.ActiveCfg = Debug|Any CPU
		{52E728E4-39F7-44AB-B217-201F985E9839}.Debug|Any CPU.Build.0 = Debug|Any CPU
		{52E728E4-39F7-44AB-B217-201F985E9839}.Debug|Any CPU.Deploy.0 = Debug|Any CPU
		{52E728E4-39F7-44AB-B217-201F985E9839}.Release|Any CPU.ActiveCfg = Release|Any CPU
		{52E728E4-39F7-44AB-B217-201F985E9839}.Release|Any CPU.Build.0 = Release|Any CPU
		{52E728E4-39F7-44AB-B217-201F985E9839}.Release|Any CPU.Deploy.0 = Release|Any CPU
	EndGlobalSection
	GlobalSection(SolutionProperties) = preSolution
		HideSolutionNode = FALSE
	EndGlobalSection
	GlobalSection(ExtensibilityGlobals) = postSolution
		SolutionGuid = {964ED514-B03F-408E-93ED-A0FBE9FEE6F4}
	EndGlobalSection
EndGlobal
